{
  "name": "inspiredhomeworkpoc",
  "version": "1.0.0",
  "lockfileVersion": 3,
  "requires": true,
  "packages": {
    "": {
      "name": "inspiredhomeworkpoc",
      "version": "1.0.0",
      "license": "MIT",
      "dependencies": {
        "bson": "^6.5.0",
        "mongodb": "^6.5.0",
        "mongodb-connection-string-url": "^3.0.0",
        "webidl-conversions": "^8.0.0",
        "whatwg-url": "^14.0.0"
      }
    },
    "node_modules/bson": {
      "version": "6.5.0",
      "license": "Apache-2.0"
    },
    "node_modules/mongodb": {
      "version": "6.5.0",
      "license": "Apache-2.0"
    },
    "node_modules/mongodb-connection-string-url": {
      "version": "3.0.0",
      "license": "Apache-2.0"
    },
    "node_modules/webidl-conversions": {
      "version": "8.0.0",
      "license": "BSD-2-Clause"
    },
    "node_modules/whatwg-url": {
      "version": "14.0.0",
      "license": "MIT"
    }
  }
}
